Microsoft Visual Studio Solution File, Format Version 12.00
# Visual Studio 2012
Project("{FAE04EC0-301F-11D3-BF4B-00C04F79EFBC}") = "SurvivorsGame", "SurvivorsGame.csproj", "{D8DD1B5E-2290-4EAF-B9C1-BFC39C1DD087}"
EndProject
Global
	GlobalSection(SolutionConfigurationPlatforms) = preSolution
	Debug|Any CPU = Debug|Any CPU
	ExportDebug|Any CPU = ExportDebug|Any CPU
	ExportRelease|Any CPU = ExportRelease|Any CPU
	EndGlobalSection
	GlobalSection(ProjectConfigurationPlatforms) = postSolution
		{D8DD1B5E-2290-4EAF-B9C1-BFC39C1DD087}.Debug|Any CPU.ActiveCfg = Debug|Any CPU
		{D8DD1B5E-2290-4EAF-B9C1-BFC39C1DD087}.Debug|Any CPU.Build.0 = Debug|Any CPU
		{D8DD1B5E-2290-4EAF-B9C1-BFC39C1DD087}.ExportDebug|Any CPU.ActiveCfg = ExportDebug|Any CPU
		{D8DD1B5E-2290-4EAF-B9C1-BFC39C1DD087}.ExportDebug|Any CPU.Build.0 = ExportDebug|Any CPU
		{D8DD1B5E-2290-4EAF-B9C1-BFC39C1DD087}.ExportRelease|Any CPU.ActiveCfg = ExportRelease|Any CPU
		{D8DD1B5E-2290-4EAF-B9C1-BFC39C1DD087}.ExportRelease|Any CPU.Build.0 = ExportRelease|Any CPU
	EndGlobalSection
EndGlobal
